# This file is autogenerated, do not edit; changes may be undone by the next 'dep ensure'.


[[projects]]
  branch = "abstract-api"
  name = "github.com/cgreenhalgh/lib-go-databox"
  packages = ["."]
  revision = "40847143cdd4a6a1ee44592b6f45b5b40c3989ac"

[[projects]]
  name = "github.com/gorilla/context"
  packages = ["."]
  revision = "1ea25387ff6f684839d82767c1733ff4d4d15d0a"
  version = "v1.1"

[[projects]]
  name = "github.com/gorilla/mux"
  packages = ["."]
  revision = "24fca303ac6da784b9e8269f724ddeb0b2eea5e7"
  version = "v1.5.0"

[[projects]]
  name = "github.com/me-box/lib-go-databox"
  packages = ["."]
  revision = "7b949c35785f7332060058e8c4563bc940b87651"
  version = "0.2.0"

[[projects]]
  branch = "master"
  name = "golang.org/x/net"
  packages = ["websocket"]
  revision = "c73622c77280266305273cb545f54516ced95b93"

[solve-meta]
  analyzer-name = "dep"
  analyzer-version = 1
  inputs-digest = "2a7a335f99de986993d04d472e7a63e0f08b9c520b6c159161ec55f3e2d99066"
  solver-name = "gps-cdcl"
  solver-version = 1
